
Microsoft Visual Studio Solution File, Format Version 12.00
# Visual Studio Version 17
VisualStudioVersion = 17.4.33213.308
MinimumVisualStudioVersion = 10.0.40219.1
Project("{FAE04EC0-301F-11D3-BF4B-00C04F79EFBC}") = "ProcessDeadlock", "ProcessDeadlock\ProcessDeadlock.csproj", "{538C44A5-BB80-4B0E-A943-C946F6990541}"
EndProject
Global
	GlobalSection(SolutionConfigurationPlatforms) = preSolution
		Debug|Any CPU = Debug|Any CPU
		Release|Any CPU = Release|Any CPU
	EndGlobalSection
	GlobalSection(ProjectConfigurationPlatforms) = postSolution
		{538C44A5-BB80-4B0E-A943-C946F6990541}.Debug|Any CPU.ActiveCfg = Debug|Any CPU
		{538C44A5-BB80-4B0E-A943-C946F6990541}.Debug|Any CPU.Build.0 = Debug|Any CPU
		{538C44A5-BB80-4B0E-A943-C946F6990541}.Release|Any CPU.ActiveCfg = Release|Any CPU
		{538C44A5-BB80-4B0E-A943-C946F6990541}.Release|Any CPU.Build.0 = Release|Any CPU
	EndGlobalSection
	GlobalSection(SolutionProperties) = preSolution
		HideSolutionNode = FALSE
	EndGlobalSection
	GlobalSection(ExtensibilityGlobals) = postSolution
		SolutionGuid = {EB7E9A3D-25B8-43DC-A63D-DF88F96DB5C0}
	EndGlobalSection
EndGlobal
